{
  "lockfileVersion": 1,
  "configVersion": 0,
  "workspaces": {
    "": {
      "name": "shared_types",
      "dependencies": {
        "fast-json-patch": "^3.1.1",
      },
    },
  },
  "packages": {
    "fast-json-patch": ["fast-json-patch@3.1.1", "", {}, "sha512-vf6IHUX2SBcA+5/+4883dsIjpBTqmfBjmYiWK1savxQmFk4JfBMLa7ynTYOs1Rolp/T1betJxHiGD3g1Mn8lUQ=="],
  }
}
